
Microsoft Visual Studio Solution File, Format Version 12.00
# Visual Studio Version 17
VisualStudioVersion = 17.8.34330.188
MinimumVisualStudioVersion = 10.0.40219.1
Project("{FAE04EC0-301F-11D3-BF4B-00C04F79EFBC}") = "ExcelCV", "ExcelCV\ExcelCV.csproj", "{912D2F56-221E-4057-AC48-542EC618BC0E}"
EndProject
Global
	GlobalSection(SolutionConfigurationPlatforms) = preSolution
		Debug|Any CPU = Debug|Any CPU
		Release|Any CPU = Release|Any CPU
	EndGlobalSection
	GlobalSection(ProjectConfigurationPlatforms) = postSolution
		{912D2F56-221E-4057-AC48-542EC618BC0E}.Debug|Any CPU.ActiveCfg = Debug|Any CPU
		{912D2F56-221E-4057-AC48-542EC618BC0E}.Debug|Any CPU.Build.0 = Debug|Any CPU
		{912D2F56-221E-4057-AC48-542EC618BC0E}.Release|Any CPU.ActiveCfg = Release|Any CPU
		{912D2F56-221E-4057-AC48-542EC618BC0E}.Release|Any CPU.Build.0 = Release|Any CPU
	EndGlobalSection
	GlobalSection(SolutionProperties) = preSolution
		HideSolutionNode = FALSE
	EndGlobalSection
	GlobalSection(ExtensibilityGlobals) = postSolution
		SolutionGuid = {A2415A1C-368F-4B5C-A2C7-D22FBFA51DAE}
	EndGlobalSection
EndGlobal
